# Prisma Migrate lockfile v1

20201206105515-script-axis
20201206105758-asdf
20201206105909-asdf
20201206110114-asdf
20201206115422-simpletags
20201207060409-schema0712
20201208011217-addsavedfilters
20201208061636-aggregationprep
20201208062301-strings
20201208101956-verifyemail
20201222100859-creatorthumbnail
20210109004043
20210109015200